
Microsoft Visual Studio Solution File, Format Version 12.00
# Visual Studio 15
VisualStudioVersion = 15.0.27428.2037
MinimumVisualStudioVersion = 10.0.40219.1
Project("{FAE04EC0-301F-11D3-BF4B-00C04F79EFBC}") = "ShowCase.Api", "Api\ShowCase.Api.csproj", "{71CB67F2-1857-48FC-A4C9-F5DBAFB319C2}"
EndProject
Project("{FAE04EC0-301F-11D3-BF4B-00C04F79EFBC}") = "ShowCase.FrontEnd", "ShowCase.FrontEnd\ShowCase.FrontEnd.csproj", "{0E40197E-EFE3-40E1-9E2B-BAA2877DE86A}"
EndProject
Project("{FAE04EC0-301F-11D3-BF4B-00C04F79EFBC}") = "ShowCase.Data", "ShowCase.Data\ShowCase.Data.csproj", "{7235BB57-A4BB-4F7F-98DA-193CF2DEA2B4}"
EndProject
Project("{FAE04EC0-301F-11D3-BF4B-00C04F79EFBC}") = "ShowCase.Service", "ShowCase.Service\ShowCase.Service.csproj", "{4A532FD8-8039-4CB0-9352-6DB0205E1EA3}"
EndProject
Global
	GlobalSection(SolutionConfigurationPlatforms) = preSolution
		Debug|Any CPU = Debug|Any CPU
		Release|Any CPU = Release|Any CPU
	EndGlobalSection
	GlobalSection(ProjectConfigurationPlatforms) = postSolution
		{71CB67F2-1857-48FC-A4C9-F5DBAFB319C2}.Debug|Any CPU.ActiveCfg = Debug|Any CPU
		{71CB67F2-1857-48FC-A4C9-F5DBAFB319C2}.Debug|Any CPU.Build.0 = Debug|Any CPU
		{71CB67F2-1857-48FC-A4C9-F5DBAFB319C2}.Release|Any CPU.ActiveCfg = Release|Any CPU
		{71CB67F2-1857-48FC-A4C9-F5DBAFB319C2}.Release|Any CPU.Build.0 = Release|Any CPU
		{0E40197E-EFE3-40E1-9E2B-BAA2877DE86A}.Debug|Any CPU.ActiveCfg = Debug|Any CPU
		{0E40197E-EFE3-40E1-9E2B-BAA2877DE86A}.Debug|Any CPU.Build.0 = Debug|Any CPU
		{0E40197E-EFE3-40E1-9E2B-BAA2877DE86A}.Release|Any CPU.ActiveCfg = Release|Any CPU
		{0E40197E-EFE3-40E1-9E2B-BAA2877DE86A}.Release|Any CPU.Build.0 = Release|Any CPU
		{7235BB57-A4BB-4F7F-98DA-193CF2DEA2B4}.Debug|Any CPU.ActiveCfg = Debug|Any CPU
		{7235BB57-A4BB-4F7F-98DA-193CF2DEA2B4}.Debug|Any CPU.Build.0 = Debug|Any CPU
		{7235BB57-A4BB-4F7F-98DA-193CF2DEA2B4}.Release|Any CPU.ActiveCfg = Release|Any CPU
		{7235BB57-A4BB-4F7F-98DA-193CF2DEA2B4}.Release|Any CPU.Build.0 = Release|Any CPU
		{4A532FD8-8039-4CB0-9352-6DB0205E1EA3}.Debug|Any CPU.ActiveCfg = Debug|Any CPU
		{4A532FD8-8039-4CB0-9352-6DB0205E1EA3}.Debug|Any CPU.Build.0 = Debug|Any CPU
		{4A532FD8-8039-4CB0-9352-6DB0205E1EA3}.Release|Any CPU.ActiveCfg = Release|Any CPU
		{4A532FD8-8039-4CB0-9352-6DB0205E1EA3}.Release|Any CPU.Build.0 = Release|Any CPU
	EndGlobalSection
	GlobalSection(SolutionProperties) = preSolution
		HideSolutionNode = FALSE
	EndGlobalSection
	GlobalSection(ExtensibilityGlobals) = postSolution
		SolutionGuid = {4DF0D578-DC57-4024-BFD0-860F03841FBD}
	EndGlobalSection
EndGlobal
